
Microsoft Visual Studio Solution File, Format Version 12.00
# Visual Studio Version 16
VisualStudioVersion = 16.0.30114.105
MinimumVisualStudioVersion = 10.0.40219.1
Project("{9A19103F-16F7-4668-BE54-9A1E7A4F7556}") = "Hahn.ApplicatonProcess.May2020.Web", "Hahn.ApplicatonProcess.May2020.Web.csproj", "{BC3587A8-BA6C-4106-9C36-A2ED0326E5FB}"
EndProject
Project("{FAE04EC0-301F-11D3-BF4B-00C04F79EFBC}") = "Hahn.ApplicatonProcess.May2020.Data", "..\Hahn.ApplicatonProcess.May2020.Data\Hahn.ApplicatonProcess.May2020.Data.csproj", "{2AF7DEB6-3486-4994-9E86-911B37E1BB02}"
EndProject
Project("{FAE04EC0-301F-11D3-BF4B-00C04F79EFBC}") = "Hahn.ApplicatonProcess.May2020.Domain", "..\Hahn.ApplicatonProcess.May2020.Domain\Hahn.ApplicatonProcess.May2020.Domain.csproj", "{75E5DABF-1B4C-4C7F-A206-ED033A9910D5}"
EndProject
Global
	GlobalSection(SolutionConfigurationPlatforms) = preSolution
		Debug|Any CPU = Debug|Any CPU
		Release|Any CPU = Release|Any CPU
	EndGlobalSection
	GlobalSection(ProjectConfigurationPlatforms) = postSolution
		{BC3587A8-BA6C-4106-9C36-A2ED0326E5FB}.Debug|Any CPU.ActiveCfg = Debug|Any CPU
		{BC3587A8-BA6C-4106-9C36-A2ED0326E5FB}.Debug|Any CPU.Build.0 = Debug|Any CPU
		{BC3587A8-BA6C-4106-9C36-A2ED0326E5FB}.Release|Any CPU.ActiveCfg = Release|Any CPU
		{BC3587A8-BA6C-4106-9C36-A2ED0326E5FB}.Release|Any CPU.Build.0 = Release|Any CPU
		{2AF7DEB6-3486-4994-9E86-911B37E1BB02}.Debug|Any CPU.ActiveCfg = Debug|Any CPU
		{2AF7DEB6-3486-4994-9E86-911B37E1BB02}.Debug|Any CPU.Build.0 = Debug|Any CPU
		{2AF7DEB6-3486-4994-9E86-911B37E1BB02}.Release|Any CPU.ActiveCfg = Release|Any CPU
		{2AF7DEB6-3486-4994-9E86-911B37E1BB02}.Release|Any CPU.Build.0 = Release|Any CPU
		{75E5DABF-1B4C-4C7F-A206-ED033A9910D5}.Debug|Any CPU.ActiveCfg = Debug|Any CPU
		{75E5DABF-1B4C-4C7F-A206-ED033A9910D5}.Debug|Any CPU.Build.0 = Debug|Any CPU
		{75E5DABF-1B4C-4C7F-A206-ED033A9910D5}.Release|Any CPU.ActiveCfg = Release|Any CPU
		{75E5DABF-1B4C-4C7F-A206-ED033A9910D5}.Release|Any CPU.Build.0 = Release|Any CPU
	EndGlobalSection
	GlobalSection(SolutionProperties) = preSolution
		HideSolutionNode = FALSE
	EndGlobalSection
	GlobalSection(ExtensibilityGlobals) = postSolution
		SolutionGuid = {CAF9F8BA-B197-4849-82CF-56350A41FAF3}
	EndGlobalSection
EndGlobal
